
Microsoft Visual Studio Solution File, Format Version 12.00
# Visual Studio Version 16
VisualStudioVersion = 16.0.30114.105
MinimumVisualStudioVersion = 10.0.40219.1
Project("{2150E333-8FDC-42A3-9474-1A3956D46DE8}") = "day01", "day01", "{64DD920A-8B24-45EA-925D-09BC3BC2352B}"
EndProject
Project("{FAE04EC0-301F-11D3-BF4B-00C04F79EFBC}") = "SonarSweep", "day01\SonarSweep\SonarSweep.csproj", "{EA7E7EDE-022D-4BE2-9E3C-8769C2D76054}"
EndProject
Project("{FAE04EC0-301F-11D3-BF4B-00C04F79EFBC}") = "SonarSweepTests", "day01\SonarSweepTests\SonarSweepTests.csproj", "{48C79E35-D14F-4BBD-B3E8-1D4A7BB0D788}"
EndProject
Project("{2150E333-8FDC-42A3-9474-1A3956D46DE8}") = "day02", "day02", "{9C73512A-B014-4DE0-938D-FC119065D4B0}"
EndProject
Project("{FAE04EC0-301F-11D3-BF4B-00C04F79EFBC}") = "Dive", "day02\Dive\Dive.csproj", "{6081F872-4EE5-49E0-866E-F4B1FACA788B}"
EndProject
Project("{FAE04EC0-301F-11D3-BF4B-00C04F79EFBC}") = "DiveTests", "day02\DiveTests\DiveTests.csproj", "{64AAE26C-A222-437E-83E6-521A15DF0901}"
EndProject
Project("{2150E333-8FDC-42A3-9474-1A3956D46DE8}") = "day03", "day03", "{0A31CA94-564D-4E8A-9B40-7A30E00C286E}"
EndProject
Project("{FAE04EC0-301F-11D3-BF4B-00C04F79EFBC}") = "BinaryDiagnostic", "day03\BinaryDiagnostic\BinaryDiagnostic.csproj", "{D3DCD54A-6505-400A-A37B-A60C72591E3B}"
EndProject
Project("{FAE04EC0-301F-11D3-BF4B-00C04F79EFBC}") = "BinaryDiagnosticTests", "day03\BinaryDiagnosticTests\BinaryDiagnosticTests.csproj", "{C76F7BC4-D4A8-45E1-B1C6-6DFAF2E1901C}"
EndProject
Project("{2150E333-8FDC-42A3-9474-1A3956D46DE8}") = "day04", "day04", "{BF098021-9630-4674-A61B-BC7DE79B2F96}"
EndProject
Project("{FAE04EC0-301F-11D3-BF4B-00C04F79EFBC}") = "GiantSquid", "day04\GiantSquid\GiantSquid.csproj", "{A4CF4465-B07A-42D6-A953-88A7AAB86964}"
EndProject
Project("{FAE04EC0-301F-11D3-BF4B-00C04F79EFBC}") = "GiantSquidTests", "day04\GiantSquidTests\GiantSquidTests.csproj", "{09B2F7F6-127B-445E-80DD-FD7C02371591}"
EndProject
Project("{2150E333-8FDC-42A3-9474-1A3956D46DE8}") = "day05", "day05", "{C126514E-D2DE-4EB7-9D61-DE8FCEB40776}"
EndProject
Project("{FAE04EC0-301F-11D3-BF4B-00C04F79EFBC}") = "HydrotermalVents", "day05\HydrotermalVents\HydrotermalVents.csproj", "{B953F8ED-9AAA-4739-840E-7D6D25ED1148}"
EndProject
Project("{FAE04EC0-301F-11D3-BF4B-00C04F79EFBC}") = "HydrotermalVentsTests", "day05\HydrotermalVentsTests\HydrotermalVentsTests.csproj", "{3FEE1DBB-8916-45E0-B4C0-2643C7DEFC7C}"
EndProject
Project("{2150E333-8FDC-42A3-9474-1A3956D46DE8}") = "day06", "day06", "{A9B76F8A-F189-4F28-9127-5524DECB4806}"
EndProject
Project("{FAE04EC0-301F-11D3-BF4B-00C04F79EFBC}") = "Lanternfish", "day06\Lanternfish\Lanternfish.csproj", "{B9DD19A5-D239-44EC-8B08-3DA776589251}"
EndProject
Project("{FAE04EC0-301F-11D3-BF4B-00C04F79EFBC}") = "LanternfishTests", "day06\LanternfishTests\LanternfishTests.csproj", "{5DF51FEF-8E7F-43B3-A74C-224AC35927AC}"
EndProject
Project("{2150E333-8FDC-42A3-9474-1A3956D46DE8}") = "day07", "day07", "{0CA86E1F-0658-4EEE-A149-A11A74258469}"
EndProject
Project("{FAE04EC0-301F-11D3-BF4B-00C04F79EFBC}") = "GiantWhale", "day07\GiantWhale\GiantWhale.csproj", "{AC0699DC-9FDF-427F-9B50-5779CB31A4B8}"
EndProject
Project("{FAE04EC0-301F-11D3-BF4B-00C04F79EFBC}") = "GiantWhaleTests", "day07\GiantWhaleTests\GiantWhaleTests.csproj", "{4EE4EC98-2BEF-4831-B488-6D5BAF08CCE7}"
EndProject
Project("{2150E333-8FDC-42A3-9474-1A3956D46DE8}") = "day08", "day08", "{B48847B7-C1A6-4566-BC96-529FED1D9F1B}"
EndProject
Project("{FAE04EC0-301F-11D3-BF4B-00C04F79EFBC}") = "SevenSegments", "day08\SevenSegments\SevenSegments.csproj", "{BE8E9843-BF42-4E58-A496-079EDF4BD9D9}"
EndProject
Project("{FAE04EC0-301F-11D3-BF4B-00C04F79EFBC}") = "SevenSegmentsTests", "day08\SevenSegmentsTests\SevenSegmentsTests.csproj", "{6CE63E88-FBB5-4306-A47E-FDB277FD32C8}"
EndProject
Project("{2150E333-8FDC-42A3-9474-1A3956D46DE8}") = "day09", "day09", "{D482A838-575C-479A-ADBC-70DD2220C9E8}"
EndProject
Project("{FAE04EC0-301F-11D3-BF4B-00C04F79EFBC}") = "SmokeBasin", "day09\SmokeBasin\SmokeBasin.csproj", "{FD893BEE-ABE7-458C-A618-8129B0E0B6F2}"
EndProject
Project("{FAE04EC0-301F-11D3-BF4B-00C04F79EFBC}") = "SmokeBasinTests", "day09\SmokeBasinTests\SmokeBasinTests.csproj", "{2B560D12-2315-497E-84A1-E29CD6C9A972}"
EndProject
Project("{2150E333-8FDC-42A3-9474-1A3956D46DE8}") = "day10", "day10", "{6F7780C9-57CA-4AE2-9FAD-ED27F3BEA0DE}"
EndProject
Project("{FAE04EC0-301F-11D3-BF4B-00C04F79EFBC}") = "SyntaxScoring", "day10\SyntaxScoring\SyntaxScoring.csproj", "{4737312C-C5BC-413D-886C-45A4FD754581}"
EndProject
Project("{FAE04EC0-301F-11D3-BF4B-00C04F79EFBC}") = "SyntaxScoringTests", "day10\SyntaxScoringTests\SyntaxScoringTests.csproj", "{4D385BE2-A934-46E7-9F8F-74BBD8D8DD98}"
EndProject
Project("{2150E333-8FDC-42A3-9474-1A3956D46DE8}") = "day11", "day11", "{7A0CB4FD-C7AC-4146-8492-BC9E72C47E4E}"
EndProject
Project("{FAE04EC0-301F-11D3-BF4B-00C04F79EFBC}") = "DumboOctopus", "day11\DumboOctopus\DumboOctopus.csproj", "{B4F7A477-7DB0-4F20-9E02-9F72C7E37674}"
EndProject
Project("{FAE04EC0-301F-11D3-BF4B-00C04F79EFBC}") = "DumboOctopusTests", "day11\DumboOctopusTests\DumboOctopusTests.csproj", "{E154FF1F-7459-4D2F-A1EF-109AAA8393B8}"
EndProject
Project("{2150E333-8FDC-42A3-9474-1A3956D46DE8}") = "day12", "day12", "{DFF841BD-B0E7-4FB4-B746-5C22950867D8}"
EndProject
Project("{FAE04EC0-301F-11D3-BF4B-00C04F79EFBC}") = "PassagePathing", "day12\PassagePathing\PassagePathing.csproj", "{9F895451-20B1-427B-BD0E-76DE928E4F0A}"
EndProject
Project("{FAE04EC0-301F-11D3-BF4B-00C04F79EFBC}") = "PassagePathingTests", "day12\PassagePathingTests\PassagePathingTests.csproj", "{D44459AA-8546-4167-8FD6-76EE339C4BED}"
EndProject
Global
	GlobalSection(SolutionConfigurationPlatforms) = preSolution
		Debug|Any CPU = Debug|Any CPU
		Debug|x64 = Debug|x64
		Debug|x86 = Debug|x86
		Release|Any CPU = Release|Any CPU
		Release|x64 = Release|x64
		Release|x86 = Release|x86
	EndGlobalSection
	GlobalSection(SolutionProperties) = preSolution
		HideSolutionNode = FALSE
	EndGlobalSection
	GlobalSection(ProjectConfigurationPlatforms) = postSolution
		{EA7E7EDE-022D-4BE2-9E3C-8769C2D76054}.Debug|Any CPU.ActiveCfg = Debug|Any CPU
		{EA7E7EDE-022D-4BE2-9E3C-8769C2D76054}.Debug|Any CPU.Build.0 = Debug|Any CPU
		{EA7E7EDE-022D-4BE2-9E3C-8769C2D76054}.Debug|x64.ActiveCfg = Debug|Any CPU
		{EA7E7EDE-022D-4BE2-9E3C-8769C2D76054}.Debug|x64.Build.0 = Debug|Any CPU
		{EA7E7EDE-022D-4BE2-9E3C-8769C2D76054}.Debug|x86.ActiveCfg = Debug|Any CPU
		{EA7E7EDE-022D-4BE2-9E3C-8769C2D76054}.Debug|x86.Build.0 = Debug|Any CPU
		{EA7E7EDE-022D-4BE2-9E3C-8769C2D76054}.Release|Any CPU.ActiveCfg = Release|Any CPU
		{EA7E7EDE-022D-4BE2-9E3C-8769C2D76054}.Release|Any CPU.Build.0 = Release|Any CPU
		{EA7E7EDE-022D-4BE2-9E3C-8769C2D76054}.Release|x64.ActiveCfg = Release|Any CPU
		{EA7E7EDE-022D-4BE2-9E3C-8769C2D76054}.Release|x64.Build.0 = Release|Any CPU
		{EA7E7EDE-022D-4BE2-9E3C-8769C2D76054}.Release|x86.ActiveCfg = Release|Any CPU
		{EA7E7EDE-022D-4BE2-9E3C-8769C2D76054}.Release|x86.Build.0 = Release|Any CPU
		{48C79E35-D14F-4BBD-B3E8-1D4A7BB0D788}.Debug|Any CPU.ActiveCfg = Debug|Any CPU
		{48C79E35-D14F-4BBD-B3E8-1D4A7BB0D788}.Debug|Any CPU.Build.0 = Debug|Any CPU
		{48C79E35-D14F-4BBD-B3E8-1D4A7BB0D788}.Debug|x64.ActiveCfg = Debug|Any CPU
		{48C79E35-D14F-4BBD-B3E8-1D4A7BB0D788}.Debug|x64.Build.0 = Debug|Any CPU
		{48C79E35-D14F-4BBD-B3E8-1D4A7BB0D788}.Debug|x86.ActiveCfg = Debug|Any CPU
		{48C79E35-D14F-4BBD-B3E8-1D4A7BB0D788}.Debug|x86.Build.0 = Debug|Any CPU
		{48C79E35-D14F-4BBD-B3E8-1D4A7BB0D788}.Release|Any CPU.ActiveCfg = Release|Any CPU
		{48C79E35-D14F-4BBD-B3E8-1D4A7BB0D788}.Release|Any CPU.Build.0 = Release|Any CPU
		{48C79E35-D14F-4BBD-B3E8-1D4A7BB0D788}.Release|x64.ActiveCfg = Release|Any CPU
		{48C79E35-D14F-4BBD-B3E8-1D4A7BB0D788}.Release|x64.Build.0 = Release|Any CPU
		{48C79E35-D14F-4BBD-B3E8-1D4A7BB0D788}.Release|x86.ActiveCfg = Release|Any CPU
		{48C79E35-D14F-4BBD-B3E8-1D4A7BB0D788}.Release|x86.Build.0 = Release|Any CPU
		{6081F872-4EE5-49E0-866E-F4B1FACA788B}.Debug|Any CPU.ActiveCfg = Debug|Any CPU
		{6081F872-4EE5-49E0-866E-F4B1FACA788B}.Debug|Any CPU.Build.0 = Debug|Any CPU
		{6081F872-4EE5-49E0-866E-F4B1FACA788B}.Debug|x64.ActiveCfg = Debug|Any CPU
		{6081F872-4EE5-49E0-866E-F4B1FACA788B}.Debug|x64.Build.0 = Debug|Any CPU
		{6081F872-4EE5-49E0-866E-F4B1FACA788B}.Debug|x86.ActiveCfg = Debug|Any CPU
		{6081F872-4EE5-49E0-866E-F4B1FACA788B}.Debug|x86.Build.0 = Debug|Any CPU
		{6081F872-4EE5-49E0-866E-F4B1FACA788B}.Release|Any CPU.ActiveCfg = Release|Any CPU
		{6081F872-4EE5-49E0-866E-F4B1FACA788B}.Release|Any CPU.Build.0 = Release|Any CPU
		{6081F872-4EE5-49E0-866E-F4B1FACA788B}.Release|x64.ActiveCfg = Release|Any CPU
		{6081F872-4EE5-49E0-866E-F4B1FACA788B}.Release|x64.Build.0 = Release|Any CPU
		{6081F872-4EE5-49E0-866E-F4B1FACA788B}.Release|x86.ActiveCfg = Release|Any CPU
		{6081F872-4EE5-49E0-866E-F4B1FACA788B}.Release|x86.Build.0 = Release|Any CPU
		{64AAE26C-A222-437E-83E6-521A15DF0901}.Debug|Any CPU.ActiveCfg = Debug|Any CPU
		{64AAE26C-A222-437E-83E6-521A15DF0901}.Debug|Any CPU.Build.0 = Debug|Any CPU
		{64AAE26C-A222-437E-83E6-521A15DF0901}.Debug|x64.ActiveCfg = Debug|Any CPU
		{64AAE26C-A222-437E-83E6-521A15DF0901}.Debug|x64.Build.0 = Debug|Any CPU
		{64AAE26C-A222-437E-83E6-521A15DF0901}.Debug|x86.ActiveCfg = Debug|Any CPU
		{64AAE26C-A222-437E-83E6-521A15DF0901}.Debug|x86.Build.0 = Debug|Any CPU
		{64AAE26C-A222-437E-83E6-521A15DF0901}.Release|Any CPU.ActiveCfg = Release|Any CPU
		{64AAE26C-A222-437E-83E6-521A15DF0901}.Release|Any CPU.Build.0 = Release|Any CPU
		{64AAE26C-A222-437E-83E6-521A15DF0901}.Release|x64.ActiveCfg = Release|Any CPU
		{64AAE26C-A222-437E-83E6-521A15DF0901}.Release|x64.Build.0 = Release|Any CPU
		{64AAE26C-A222-437E-83E6-521A15DF0901}.Release|x86.ActiveCfg = Release|Any CPU
		{64AAE26C-A222-437E-83E6-521A15DF0901}.Release|x86.Build.0 = Release|Any CPU
		{D3DCD54A-6505-400A-A37B-A60C72591E3B}.Debug|Any CPU.ActiveCfg = Debug|Any CPU
		{D3DCD54A-6505-400A-A37B-A60C72591E3B}.Debug|Any CPU.Build.0 = Debug|Any CPU
		{D3DCD54A-6505-400A-A37B-A60C72591E3B}.Debug|x64.ActiveCfg = Debug|Any CPU
		{D3DCD54A-6505-400A-A37B-A60C72591E3B}.Debug|x64.Build.0 = Debug|Any CPU
		{D3DCD54A-6505-400A-A37B-A60C72591E3B}.Debug|x86.ActiveCfg = Debug|Any CPU
		{D3DCD54A-6505-400A-A37B-A60C72591E3B}.Debug|x86.Build.0 = Debug|Any CPU
		{D3DCD54A-6505-400A-A37B-A60C72591E3B}.Release|Any CPU.ActiveCfg = Release|Any CPU
		{D3DCD54A-6505-400A-A37B-A60C72591E3B}.Release|Any CPU.Build.0 = Release|Any CPU
		{D3DCD54A-6505-400A-A37B-A60C72591E3B}.Release|x64.ActiveCfg = Release|Any CPU
		{D3DCD54A-6505-400A-A37B-A60C72591E3B}.Release|x64.Build.0 = Release|Any CPU
		{D3DCD54A-6505-400A-A37B-A60C72591E3B}.Release|x86.ActiveCfg = Release|Any CPU
		{D3DCD54A-6505-400A-A37B-A60C72591E3B}.Release|x86.Build.0 = Release|Any CPU
		{C76F7BC4-D4A8-45E1-B1C6-6DFAF2E1901C}.Debug|Any CPU.ActiveCfg = Debug|Any CPU
		{C76F7BC4-D4A8-45E1-B1C6-6DFAF2E1901C}.Debug|Any CPU.Build.0 = Debug|Any CPU
		{C76F7BC4-D4A8-45E1-B1C6-6DFAF2E1901C}.Debug|x64.ActiveCfg = Debug|Any CPU
		{C76F7BC4-D4A8-45E1-B1C6-6DFAF2E1901C}.Debug|x64.Build.0 = Debug|Any CPU
		{C76F7BC4-D4A8-45E1-B1C6-6DFAF2E1901C}.Debug|x86.ActiveCfg = Debug|Any CPU
		{C76F7BC4-D4A8-45E1-B1C6-6DFAF2E1901C}.Debug|x86.Build.0 = Debug|Any CPU
		{C76F7BC4-D4A8-45E1-B1C6-6DFAF2E1901C}.Release|Any CPU.ActiveCfg = Release|Any CPU
		{C76F7BC4-D4A8-45E1-B1C6-6DFAF2E1901C}.Release|Any CPU.Build.0 = Release|Any CPU
		{C76F7BC4-D4A8-45E1-B1C6-6DFAF2E1901C}.Release|x64.ActiveCfg = Release|Any CPU
		{C76F7BC4-D4A8-45E1-B1C6-6DFAF2E1901C}.Release|x64.Build.0 = Release|Any CPU
		{C76F7BC4-D4A8-45E1-B1C6-6DFAF2E1901C}.Release|x86.ActiveCfg = Release|Any CPU
		{C76F7BC4-D4A8-45E1-B1C6-6DFAF2E1901C}.Release|x86.Build.0 = Release|Any CPU
		{A4CF4465-B07A-42D6-A953-88A7AAB86964}.Debug|Any CPU.ActiveCfg = Debug|Any CPU
		{A4CF4465-B07A-42D6-A953-88A7AAB86964}.Debug|Any CPU.Build.0 = Debug|Any CPU
		{A4CF4465-B07A-42D6-A953-88A7AAB86964}.Debug|x64.ActiveCfg = Debug|Any CPU
		{A4CF4465-B07A-42D6-A953-88A7AAB86964}.Debug|x64.Build.0 = Debug|Any CPU
		{A4CF4465-B07A-42D6-A953-88A7AAB86964}.Debug|x86.ActiveCfg = Debug|Any CPU
		{A4CF4465-B07A-42D6-A953-88A7AAB86964}.Debug|x86.Build.0 = Debug|Any CPU
		{A4CF4465-B07A-42D6-A953-88A7AAB86964}.Release|Any CPU.ActiveCfg = Release|Any CPU
		{A4CF4465-B07A-42D6-A953-88A7AAB86964}.Release|Any CPU.Build.0 = Release|Any CPU
		{A4CF4465-B07A-42D6-A953-88A7AAB86964}.Release|x64.ActiveCfg = Release|Any CPU
		{A4CF4465-B07A-42D6-A953-88A7AAB86964}.Release|x64.Build.0 = Release|Any CPU
		{A4CF4465-B07A-42D6-A953-88A7AAB86964}.Release|x86.ActiveCfg = Release|Any CPU
		{A4CF4465-B07A-42D6-A953-88A7AAB86964}.Release|x86.Build.0 = Release|Any CPU
		{09B2F7F6-127B-445E-80DD-FD7C02371591}.Debug|Any CPU.ActiveCfg = Debug|Any CPU
		{09B2F7F6-127B-445E-80DD-FD7C02371591}.Debug|Any CPU.Build.0 = Debug|Any CPU
		{09B2F7F6-127B-445E-80DD-FD7C02371591}.Debug|x64.ActiveCfg = Debug|Any CPU
		{09B2F7F6-127B-445E-80DD-FD7C02371591}.Debug|x64.Build.0 = Debug|Any CPU
		{09B2F7F6-127B-445E-80DD-FD7C02371591}.Debug|x86.ActiveCfg = Debug|Any CPU
		{09B2F7F6-127B-445E-80DD-FD7C02371591}.Debug|x86.Build.0 = Debug|Any CPU
		{09B2F7F6-127B-445E-80DD-FD7C02371591}.Release|Any CPU.ActiveCfg = Release|Any CPU
		{09B2F7F6-127B-445E-80DD-FD7C02371591}.Release|Any CPU.Build.0 = Release|Any CPU
		{09B2F7F6-127B-445E-80DD-FD7C02371591}.Release|x64.ActiveCfg = Release|Any CPU
		{09B2F7F6-127B-445E-80DD-FD7C02371591}.Release|x64.Build.0 = Release|Any CPU
		{09B2F7F6-127B-445E-80DD-FD7C02371591}.Release|x86.ActiveCfg = Release|Any CPU
		{09B2F7F6-127B-445E-80DD-FD7C02371591}.Release|x86.Build.0 = Release|Any CPU
		{B953F8ED-9AAA-4739-840E-7D6D25ED1148}.Debug|Any CPU.ActiveCfg = Debug|Any CPU
		{B953F8ED-9AAA-4739-840E-7D6D25ED1148}.Debug|Any CPU.Build.0 = Debug|Any CPU
		{B953F8ED-9AAA-4739-840E-7D6D25ED1148}.Debug|x64.ActiveCfg = Debug|Any CPU
		{B953F8ED-9AAA-4739-840E-7D6D25ED1148}.Debug|x64.Build.0 = Debug|Any CPU
		{B953F8ED-9AAA-4739-840E-7D6D25ED1148}.Debug|x86.ActiveCfg = Debug|Any CPU
		{B953F8ED-9AAA-4739-840E-7D6D25ED1148}.Debug|x86.Build.0 = Debug|Any CPU
		{B953F8ED-9AAA-4739-840E-7D6D25ED1148}.Release|Any CPU.ActiveCfg = Release|Any CPU
		{B953F8ED-9AAA-4739-840E-7D6D25ED1148}.Release|Any CPU.Build.0 = Release|Any CPU
		{B953F8ED-9AAA-4739-840E-7D6D25ED1148}.Release|x64.ActiveCfg = Release|Any CPU
		{B953F8ED-9AAA-4739-840E-7D6D25ED1148}.Release|x64.Build.0 = Release|Any CPU
		{B953F8ED-9AAA-4739-840E-7D6D25ED1148}.Release|x86.ActiveCfg = Release|Any CPU
		{B953F8ED-9AAA-4739-840E-7D6D25ED1148}.Release|x86.Build.0 = Release|Any CPU
		{3FEE1DBB-8916-45E0-B4C0-2643C7DEFC7C}.Debug|Any CPU.ActiveCfg = Debug|Any CPU
		{3FEE1DBB-8916-45E0-B4C0-2643C7DEFC7C}.Debug|Any CPU.Build.0 = Debug|Any CPU
		{3FEE1DBB-8916-45E0-B4C0-2643C7DEFC7C}.Debug|x64.ActiveCfg = Debug|Any CPU
		{3FEE1DBB-8916-45E0-B4C0-2643C7DEFC7C}.Debug|x64.Build.0 = Debug|Any CPU
		{3FEE1DBB-8916-45E0-B4C0-2643C7DEFC7C}.Debug|x86.ActiveCfg = Debug|Any CPU
		{3FEE1DBB-8916-45E0-B4C0-2643C7DEFC7C}.Debug|x86.Build.0 = Debug|Any CPU
		{3FEE1DBB-8916-45E0-B4C0-2643C7DEFC7C}.Release|Any CPU.ActiveCfg = Release|Any CPU
		{3FEE1DBB-8916-45E0-B4C0-2643C7DEFC7C}.Release|Any CPU.Build.0 = Release|Any CPU
		{3FEE1DBB-8916-45E0-B4C0-2643C7DEFC7C}.Release|x64.ActiveCfg = Release|Any CPU
		{3FEE1DBB-8916-45E0-B4C0-2643C7DEFC7C}.Release|x64.Build.0 = Release|Any CPU
		{3FEE1DBB-8916-45E0-B4C0-2643C7DEFC7C}.Release|x86.ActiveCfg = Release|Any CPU
		{3FEE1DBB-8916-45E0-B4C0-2643C7DEFC7C}.Release|x86.Build.0 = Release|Any CPU
		{B9DD19A5-D239-44EC-8B08-3DA776589251}.Debug|Any CPU.ActiveCfg = Debug|Any CPU
		{B9DD19A5-D239-44EC-8B08-3DA776589251}.Debug|Any CPU.Build.0 = Debug|Any CPU
		{B9DD19A5-D239-44EC-8B08-3DA776589251}.Debug|x64.ActiveCfg = Debug|Any CPU
		{B9DD19A5-D239-44EC-8B08-3DA776589251}.Debug|x64.Build.0 = Debug|Any CPU
		{B9DD19A5-D239-44EC-8B08-3DA776589251}.Debug|x86.ActiveCfg = Debug|Any CPU
		{B9DD19A5-D239-44EC-8B08-3DA776589251}.Debug|x86.Build.0 = Debug|Any CPU
		{B9DD19A5-D239-44EC-8B08-3DA776589251}.Release|Any CPU.ActiveCfg = Release|Any CPU
		{B9DD19A5-D239-44EC-8B08-3DA776589251}.Release|Any CPU.Build.0 = Release|Any CPU
		{B9DD19A5-D239-44EC-8B08-3DA776589251}.Release|x64.ActiveCfg = Release|Any CPU
		{B9DD19A5-D239-44EC-8B08-3DA776589251}.Release|x64.Build.0 = Release|Any CPU
		{B9DD19A5-D239-44EC-8B08-3DA776589251}.Release|x86.ActiveCfg = Release|Any CPU
		{B9DD19A5-D239-44EC-8B08-3DA776589251}.Release|x86.Build.0 = Release|Any CPU
		{5DF51FEF-8E7F-43B3-A74C-224AC35927AC}.Debug|Any CPU.ActiveCfg = Debug|Any CPU
		{5DF51FEF-8E7F-43B3-A74C-224AC35927AC}.Debug|Any CPU.Build.0 = Debug|Any CPU
		{5DF51FEF-8E7F-43B3-A74C-224AC35927AC}.Debug|x64.ActiveCfg = Debug|Any CPU
		{5DF51FEF-8E7F-43B3-A74C-224AC35927AC}.Debug|x64.Build.0 = Debug|Any CPU
		{5DF51FEF-8E7F-43B3-A74C-224AC35927AC}.Debug|x86.ActiveCfg = Debug|Any CPU
		{5DF51FEF-8E7F-43B3-A74C-224AC35927AC}.Debug|x86.Build.0 = Debug|Any CPU
		{5DF51FEF-8E7F-43B3-A74C-224AC35927AC}.Release|Any CPU.ActiveCfg = Release|Any CPU
		{5DF51FEF-8E7F-43B3-A74C-224AC35927AC}.Release|Any CPU.Build.0 = Release|Any CPU
		{5DF51FEF-8E7F-43B3-A74C-224AC35927AC}.Release|x64.ActiveCfg = Release|Any CPU
		{5DF51FEF-8E7F-43B3-A74C-224AC35927AC}.Release|x64.Build.0 = Release|Any CPU
		{5DF51FEF-8E7F-43B3-A74C-224AC35927AC}.Release|x86.ActiveCfg = Release|Any CPU
		{5DF51FEF-8E7F-43B3-A74C-224AC35927AC}.Release|x86.Build.0 = Release|Any CPU
		{AC0699DC-9FDF-427F-9B50-5779CB31A4B8}.Debug|Any CPU.ActiveCfg = Debug|Any CPU
		{AC0699DC-9FDF-427F-9B50-5779CB31A4B8}.Debug|Any CPU.Build.0 = Debug|Any CPU
		{AC0699DC-9FDF-427F-9B50-5779CB31A4B8}.Debug|x64.ActiveCfg = Debug|Any CPU
		{AC0699DC-9FDF-427F-9B50-5779CB31A4B8}.Debug|x64.Build.0 = Debug|Any CPU
		{AC0699DC-9FDF-427F-9B50-5779CB31A4B8}.Debug|x86.ActiveCfg = Debug|Any CPU
		{AC0699DC-9FDF-427F-9B50-5779CB31A4B8}.Debug|x86.Build.0 = Debug|Any CPU
		{AC0699DC-9FDF-427F-9B50-5779CB31A4B8}.Release|Any CPU.ActiveCfg = Release|Any CPU
		{AC0699DC-9FDF-427F-9B50-5779CB31A4B8}.Release|Any CPU.Build.0 = Release|Any CPU
		{AC0699DC-9FDF-427F-9B50-5779CB31A4B8}.Release|x64.ActiveCfg = Release|Any CPU
		{AC0699DC-9FDF-427F-9B50-5779CB31A4B8}.Release|x64.Build.0 = Release|Any CPU
		{AC0699DC-9FDF-427F-9B50-5779CB31A4B8}.Release|x86.ActiveCfg = Release|Any CPU
		{AC0699DC-9FDF-427F-9B50-5779CB31A4B8}.Release|x86.Build.0 = Release|Any CPU
		{4EE4EC98-2BEF-4831-B488-6D5BAF08CCE7}.Debug|Any CPU.ActiveCfg = Debug|Any CPU
		{4EE4EC98-2BEF-4831-B488-6D5BAF08CCE7}.Debug|Any CPU.Build.0 = Debug|Any CPU
		{4EE4EC98-2BEF-4831-B488-6D5BAF08CCE7}.Debug|x64.ActiveCfg = Debug|Any CPU
		{4EE4EC98-2BEF-4831-B488-6D5BAF08CCE7}.Debug|x64.Build.0 = Debug|Any CPU
		{4EE4EC98-2BEF-4831-B488-6D5BAF08CCE7}.Debug|x86.ActiveCfg = Debug|Any CPU
		{4EE4EC98-2BEF-4831-B488-6D5BAF08CCE7}.Debug|x86.Build.0 = Debug|Any CPU
		{4EE4EC98-2BEF-4831-B488-6D5BAF08CCE7}.Release|Any CPU.ActiveCfg = Release|Any CPU
		{4EE4EC98-2BEF-4831-B488-6D5BAF08CCE7}.Release|Any CPU.Build.0 = Release|Any CPU
		{4EE4EC98-2BEF-4831-B488-6D5BAF08CCE7}.Release|x64.ActiveCfg = Release|Any CPU
		{4EE4EC98-2BEF-4831-B488-6D5BAF08CCE7}.Release|x64.Build.0 = Release|Any CPU
		{4EE4EC98-2BEF-4831-B488-6D5BAF08CCE7}.Release|x86.ActiveCfg = Release|Any CPU
		{4EE4EC98-2BEF-4831-B488-6D5BAF08CCE7}.Release|x86.Build.0 = Release|Any CPU
		{BE8E9843-BF42-4E58-A496-079EDF4BD9D9}.Debug|Any CPU.ActiveCfg = Debug|Any CPU
		{BE8E9843-BF42-4E58-A496-079EDF4BD9D9}.Debug|Any CPU.Build.0 = Debug|Any CPU
		{BE8E9843-BF42-4E58-A496-079EDF4BD9D9}.Debug|x64.ActiveCfg = Debug|Any CPU
		{BE8E9843-BF42-4E58-A496-079EDF4BD9D9}.Debug|x64.Build.0 = Debug|Any CPU
		{BE8E9843-BF42-4E58-A496-079EDF4BD9D9}.Debug|x86.ActiveCfg = Debug|Any CPU
		{BE8E9843-BF42-4E58-A496-079EDF4BD9D9}.Debug|x86.Build.0 = Debug|Any CPU
		{BE8E9843-BF42-4E58-A496-079EDF4BD9D9}.Release|Any CPU.ActiveCfg = Release|Any CPU
		{BE8E9843-BF42-4E58-A496-079EDF4BD9D9}.Release|Any CPU.Build.0 = Release|Any CPU
		{BE8E9843-BF42-4E58-A496-079EDF4BD9D9}.Release|x64.ActiveCfg = Release|Any CPU
		{BE8E9843-BF42-4E58-A496-079EDF4BD9D9}.Release|x64.Build.0 = Release|Any CPU
		{BE8E9843-BF42-4E58-A496-079EDF4BD9D9}.Release|x86.ActiveCfg = Release|Any CPU
		{BE8E9843-BF42-4E58-A496-079EDF4BD9D9}.Release|x86.Build.0 = Release|Any CPU
		{6CE63E88-FBB5-4306-A47E-FDB277FD32C8}.Debug|Any CPU.ActiveCfg = Debug|Any CPU
		{6CE63E88-FBB5-4306-A47E-FDB277FD32C8}.Debug|Any CPU.Build.0 = Debug|Any CPU
		{6CE63E88-FBB5-4306-A47E-FDB277FD32C8}.Debug|x64.ActiveCfg = Debug|Any CPU
		{6CE63E88-FBB5-4306-A47E-FDB277FD32C8}.Debug|x64.Build.0 = Debug|Any CPU
		{6CE63E88-FBB5-4306-A47E-FDB277FD32C8}.Debug|x86.ActiveCfg = Debug|Any CPU
		{6CE63E88-FBB5-4306-A47E-FDB277FD32C8}.Debug|x86.Build.0 = Debug|Any CPU
		{6CE63E88-FBB5-4306-A47E-FDB277FD32C8}.Release|Any CPU.ActiveCfg = Release|Any CPU
		{6CE63E88-FBB5-4306-A47E-FDB277FD32C8}.Release|Any CPU.Build.0 = Release|Any CPU
		{6CE63E88-FBB5-4306-A47E-FDB277FD32C8}.Release|x64.ActiveCfg = Release|Any CPU
		{6CE63E88-FBB5-4306-A47E-FDB277FD32C8}.Release|x64.Build.0 = Release|Any CPU
		{6CE63E88-FBB5-4306-A47E-FDB277FD32C8}.Release|x86.ActiveCfg = Release|Any CPU
		{6CE63E88-FBB5-4306-A47E-FDB277FD32C8}.Release|x86.Build.0 = Release|Any CPU
		{FD893BEE-ABE7-458C-A618-8129B0E0B6F2}.Debug|Any CPU.ActiveCfg = Debug|Any CPU
		{FD893BEE-ABE7-458C-A618-8129B0E0B6F2}.Debug|Any CPU.Build.0 = Debug|Any CPU
		{FD893BEE-ABE7-458C-A618-8129B0E0B6F2}.Debug|x64.ActiveCfg = Debug|Any CPU
		{FD893BEE-ABE7-458C-A618-8129B0E0B6F2}.Debug|x64.Build.0 = Debug|Any CPU
		{FD893BEE-ABE7-458C-A618-8129B0E0B6F2}.Debug|x86.ActiveCfg = Debug|Any CPU
		{FD893BEE-ABE7-458C-A618-8129B0E0B6F2}.Debug|x86.Build.0 = Debug|Any CPU
		{FD893BEE-ABE7-458C-A618-8129B0E0B6F2}.Release|Any CPU.ActiveCfg = Release|Any CPU
		{FD893BEE-ABE7-458C-A618-8129B0E0B6F2}.Release|Any CPU.Build.0 = Release|Any CPU
		{FD893BEE-ABE7-458C-A618-8129B0E0B6F2}.Release|x64.ActiveCfg = Release|Any CPU
		{FD893BEE-ABE7-458C-A618-8129B0E0B6F2}.Release|x64.Build.0 = Release|Any CPU
		{FD893BEE-ABE7-458C-A618-8129B0E0B6F2}.Release|x86.ActiveCfg = Release|Any CPU
		{FD893BEE-ABE7-458C-A618-8129B0E0B6F2}.Release|x86.Build.0 = Release|Any CPU
		{2B560D12-2315-497E-84A1-E29CD6C9A972}.Debug|Any CPU.ActiveCfg = Debug|Any CPU
		{2B560D12-2315-497E-84A1-E29CD6C9A972}.Debug|Any CPU.Build.0 = Debug|Any CPU
		{2B560D12-2315-497E-84A1-E29CD6C9A972}.Debug|x64.ActiveCfg = Debug|Any CPU
		{2B560D12-2315-497E-84A1-E29CD6C9A972}.Debug|x64.Build.0 = Debug|Any CPU
		{2B560D12-2315-497E-84A1-E29CD6C9A972}.Debug|x86.ActiveCfg = Debug|Any CPU
		{2B560D12-2315-497E-84A1-E29CD6C9A972}.Debug|x86.Build.0 = Debug|Any CPU
		{2B560D12-2315-497E-84A1-E29CD6C9A972}.Release|Any CPU.ActiveCfg = Release|Any CPU
		{2B560D12-2315-497E-84A1-E29CD6C9A972}.Release|Any CPU.Build.0 = Release|Any CPU
		{2B560D12-2315-497E-84A1-E29CD6C9A972}.Release|x64.ActiveCfg = Release|Any CPU
		{2B560D12-2315-497E-84A1-E29CD6C9A972}.Release|x64.Build.0 = Release|Any CPU
		{2B560D12-2315-497E-84A1-E29CD6C9A972}.Release|x86.ActiveCfg = Release|Any CPU
		{2B560D12-2315-497E-84A1-E29CD6C9A972}.Release|x86.Build.0 = Release|Any CPU
		{4737312C-C5BC-413D-886C-45A4FD754581}.Debug|Any CPU.ActiveCfg = Debug|Any CPU
		{4737312C-C5BC-413D-886C-45A4FD754581}.Debug|Any CPU.Build.0 = Debug|Any CPU
		{4737312C-C5BC-413D-886C-45A4FD754581}.Debug|x64.ActiveCfg = Debug|Any CPU
		{4737312C-C5BC-413D-886C-45A4FD754581}.Debug|x64.Build.0 = Debug|Any CPU
		{4737312C-C5BC-413D-886C-45A4FD754581}.Debug|x86.ActiveCfg = Debug|Any CPU
		{4737312C-C5BC-413D-886C-45A4FD754581}.Debug|x86.Build.0 = Debug|Any CPU
		{4737312C-C5BC-413D-886C-45A4FD754581}.Release|Any CPU.ActiveCfg = Release|Any CPU
		{4737312C-C5BC-413D-886C-45A4FD754581}.Release|Any CPU.Build.0 = Release|Any CPU
		{4737312C-C5BC-413D-886C-45A4FD754581}.Release|x64.ActiveCfg = Release|Any CPU
		{4737312C-C5BC-413D-886C-45A4FD754581}.Release|x64.Build.0 = Release|Any CPU
		{4737312C-C5BC-413D-886C-45A4FD754581}.Release|x86.ActiveCfg = Release|Any CPU
		{4737312C-C5BC-413D-886C-45A4FD754581}.Release|x86.Build.0 = Release|Any CPU
		{4D385BE2-A934-46E7-9F8F-74BBD8D8DD98}.Debug|Any CPU.ActiveCfg = Debug|Any CPU
		{4D385BE2-A934-46E7-9F8F-74BBD8D8DD98}.Debug|Any CPU.Build.0 = Debug|Any CPU
		{4D385BE2-A934-46E7-9F8F-74BBD8D8DD98}.Debug|x64.ActiveCfg = Debug|Any CPU
		{4D385BE2-A934-46E7-9F8F-74BBD8D8DD98}.Debug|x64.Build.0 = Debug|Any CPU
		{4D385BE2-A934-46E7-9F8F-74BBD8D8DD98}.Debug|x86.ActiveCfg = Debug|Any CPU
		{4D385BE2-A934-46E7-9F8F-74BBD8D8DD98}.Debug|x86.Build.0 = Debug|Any CPU
		{4D385BE2-A934-46E7-9F8F-74BBD8D8DD98}.Release|Any CPU.ActiveCfg = Release|Any CPU
		{4D385BE2-A934-46E7-9F8F-74BBD8D8DD98}.Release|Any CPU.Build.0 = Release|Any CPU
		{4D385BE2-A934-46E7-9F8F-74BBD8D8DD98}.Release|x64.ActiveCfg = Release|Any CPU
		{4D385BE2-A934-46E7-9F8F-74BBD8D8DD98}.Release|x64.Build.0 = Release|Any CPU
		{4D385BE2-A934-46E7-9F8F-74BBD8D8DD98}.Release|x86.ActiveCfg = Release|Any CPU
		{4D385BE2-A934-46E7-9F8F-74BBD8D8DD98}.Release|x86.Build.0 = Release|Any CPU
		{B4F7A477-7DB0-4F20-9E02-9F72C7E37674}.Debug|Any CPU.ActiveCfg = Debug|Any CPU
		{B4F7A477-7DB0-4F20-9E02-9F72C7E37674}.Debug|Any CPU.Build.0 = Debug|Any CPU
		{B4F7A477-7DB0-4F20-9E02-9F72C7E37674}.Debug|x64.ActiveCfg = Debug|Any CPU
		{B4F7A477-7DB0-4F20-9E02-9F72C7E37674}.Debug|x64.Build.0 = Debug|Any CPU
		{B4F7A477-7DB0-4F20-9E02-9F72C7E37674}.Debug|x86.ActiveCfg = Debug|Any CPU
		{B4F7A477-7DB0-4F20-9E02-9F72C7E37674}.Debug|x86.Build.0 = Debug|Any CPU
		{B4F7A477-7DB0-4F20-9E02-9F72C7E37674}.Release|Any CPU.ActiveCfg = Release|Any CPU
		{B4F7A477-7DB0-4F20-9E02-9F72C7E37674}.Release|Any CPU.Build.0 = Release|Any CPU
		{B4F7A477-7DB0-4F20-9E02-9F72C7E37674}.Release|x64.ActiveCfg = Release|Any CPU
		{B4F7A477-7DB0-4F20-9E02-9F72C7E37674}.Release|x64.Build.0 = Release|Any CPU
		{B4F7A477-7DB0-4F20-9E02-9F72C7E37674}.Release|x86.ActiveCfg = Release|Any CPU
		{B4F7A477-7DB0-4F20-9E02-9F72C7E37674}.Release|x86.Build.0 = Release|Any CPU
		{E154FF1F-7459-4D2F-A1EF-109AAA8393B8}.Debug|Any CPU.ActiveCfg = Debug|Any CPU
		{E154FF1F-7459-4D2F-A1EF-109AAA8393B8}.Debug|Any CPU.Build.0 = Debug|Any CPU
		{E154FF1F-7459-4D2F-A1EF-109AAA8393B8}.Debug|x64.ActiveCfg = Debug|Any CPU
		{E154FF1F-7459-4D2F-A1EF-109AAA8393B8}.Debug|x64.Build.0 = Debug|Any CPU
		{E154FF1F-7459-4D2F-A1EF-109AAA8393B8}.Debug|x86.ActiveCfg = Debug|Any CPU
		{E154FF1F-7459-4D2F-A1EF-109AAA8393B8}.Debug|x86.Build.0 = Debug|Any CPU
		{E154FF1F-7459-4D2F-A1EF-109AAA8393B8}.Release|Any CPU.ActiveCfg = Release|Any CPU
		{E154FF1F-7459-4D2F-A1EF-109AAA8393B8}.Release|Any CPU.Build.0 = Release|Any CPU
		{E154FF1F-7459-4D2F-A1EF-109AAA8393B8}.Release|x64.ActiveCfg = Release|Any CPU
		{E154FF1F-7459-4D2F-A1EF-109AAA8393B8}.Release|x64.Build.0 = Release|Any CPU
		{E154FF1F-7459-4D2F-A1EF-109AAA8393B8}.Release|x86.ActiveCfg = Release|Any CPU
		{E154FF1F-7459-4D2F-A1EF-109AAA8393B8}.Release|x86.Build.0 = Release|Any CPU
		{9F895451-20B1-427B-BD0E-76DE928E4F0A}.Debug|Any CPU.ActiveCfg = Debug|Any CPU
		{9F895451-20B1-427B-BD0E-76DE928E4F0A}.Debug|Any CPU.Build.0 = Debug|Any CPU
		{9F895451-20B1-427B-BD0E-76DE928E4F0A}.Debug|x64.ActiveCfg = Debug|Any CPU
		{9F895451-20B1-427B-BD0E-76DE928E4F0A}.Debug|x64.Build.0 = Debug|Any CPU
		{9F895451-20B1-427B-BD0E-76DE928E4F0A}.Debug|x86.ActiveCfg = Debug|Any CPU
		{9F895451-20B1-427B-BD0E-76DE928E4F0A}.Debug|x86.Build.0 = Debug|Any CPU
		{9F895451-20B1-427B-BD0E-76DE928E4F0A}.Release|Any CPU.ActiveCfg = Release|Any CPU
		{9F895451-20B1-427B-BD0E-76DE928E4F0A}.Release|Any CPU.Build.0 = Release|Any CPU
		{9F895451-20B1-427B-BD0E-76DE928E4F0A}.Release|x64.ActiveCfg = Release|Any CPU
		{9F895451-20B1-427B-BD0E-76DE928E4F0A}.Release|x64.Build.0 = Release|Any CPU
		{9F895451-20B1-427B-BD0E-76DE928E4F0A}.Release|x86.ActiveCfg = Release|Any CPU
		{9F895451-20B1-427B-BD0E-76DE928E4F0A}.Release|x86.Build.0 = Release|Any CPU
		{D44459AA-8546-4167-8FD6-76EE339C4BED}.Debug|Any CPU.ActiveCfg = Debug|Any CPU
		{D44459AA-8546-4167-8FD6-76EE339C4BED}.Debug|Any CPU.Build.0 = Debug|Any CPU
		{D44459AA-8546-4167-8FD6-76EE339C4BED}.Debug|x64.ActiveCfg = Debug|Any CPU
		{D44459AA-8546-4167-8FD6-76EE339C4BED}.Debug|x64.Build.0 = Debug|Any CPU
		{D44459AA-8546-4167-8FD6-76EE339C4BED}.Debug|x86.ActiveCfg = Debug|Any CPU
		{D44459AA-8546-4167-8FD6-76EE339C4BED}.Debug|x86.Build.0 = Debug|Any CPU
		{D44459AA-8546-4167-8FD6-76EE339C4BED}.Release|Any CPU.ActiveCfg = Release|Any CPU
		{D44459AA-8546-4167-8FD6-76EE339C4BED}.Release|Any CPU.Build.0 = Release|Any CPU
		{D44459AA-8546-4167-8FD6-76EE339C4BED}.Release|x64.ActiveCfg = Release|Any CPU
		{D44459AA-8546-4167-8FD6-76EE339C4BED}.Release|x64.Build.0 = Release|Any CPU
		{D44459AA-8546-4167-8FD6-76EE339C4BED}.Release|x86.ActiveCfg = Release|Any CPU
		{D44459AA-8546-4167-8FD6-76EE339C4BED}.Release|x86.Build.0 = Release|Any CPU
	EndGlobalSection
	GlobalSection(NestedProjects) = preSolution
		{EA7E7EDE-022D-4BE2-9E3C-8769C2D76054} = {64DD920A-8B24-45EA-925D-09BC3BC2352B}
		{48C79E35-D14F-4BBD-B3E8-1D4A7BB0D788} = {64DD920A-8B24-45EA-925D-09BC3BC2352B}
		{6081F872-4EE5-49E0-866E-F4B1FACA788B} = {9C73512A-B014-4DE0-938D-FC119065D4B0}
		{64AAE26C-A222-437E-83E6-521A15DF0901} = {9C73512A-B014-4DE0-938D-FC119065D4B0}
		{D3DCD54A-6505-400A-A37B-A60C72591E3B} = {0A31CA94-564D-4E8A-9B40-7A30E00C286E}
		{C76F7BC4-D4A8-45E1-B1C6-6DFAF2E1901C} = {0A31CA94-564D-4E8A-9B40-7A30E00C286E}
		{A4CF4465-B07A-42D6-A953-88A7AAB86964} = {BF098021-9630-4674-A61B-BC7DE79B2F96}
		{09B2F7F6-127B-445E-80DD-FD7C02371591} = {BF098021-9630-4674-A61B-BC7DE79B2F96}
		{B953F8ED-9AAA-4739-840E-7D6D25ED1148} = {C126514E-D2DE-4EB7-9D61-DE8FCEB40776}
		{3FEE1DBB-8916-45E0-B4C0-2643C7DEFC7C} = {C126514E-D2DE-4EB7-9D61-DE8FCEB40776}
		{B9DD19A5-D239-44EC-8B08-3DA776589251} = {A9B76F8A-F189-4F28-9127-5524DECB4806}
		{5DF51FEF-8E7F-43B3-A74C-224AC35927AC} = {A9B76F8A-F189-4F28-9127-5524DECB4806}
		{AC0699DC-9FDF-427F-9B50-5779CB31A4B8} = {0CA86E1F-0658-4EEE-A149-A11A74258469}
		{4EE4EC98-2BEF-4831-B488-6D5BAF08CCE7} = {0CA86E1F-0658-4EEE-A149-A11A74258469}
		{BE8E9843-BF42-4E58-A496-079EDF4BD9D9} = {B48847B7-C1A6-4566-BC96-529FED1D9F1B}
		{6CE63E88-FBB5-4306-A47E-FDB277FD32C8} = {B48847B7-C1A6-4566-BC96-529FED1D9F1B}
		{FD893BEE-ABE7-458C-A618-8129B0E0B6F2} = {D482A838-575C-479A-ADBC-70DD2220C9E8}
		{2B560D12-2315-497E-84A1-E29CD6C9A972} = {D482A838-575C-479A-ADBC-70DD2220C9E8}
		{4737312C-C5BC-413D-886C-45A4FD754581} = {6F7780C9-57CA-4AE2-9FAD-ED27F3BEA0DE}
		{4D385BE2-A934-46E7-9F8F-74BBD8D8DD98} = {6F7780C9-57CA-4AE2-9FAD-ED27F3BEA0DE}
		{B4F7A477-7DB0-4F20-9E02-9F72C7E37674} = {7A0CB4FD-C7AC-4146-8492-BC9E72C47E4E}
		{E154FF1F-7459-4D2F-A1EF-109AAA8393B8} = {7A0CB4FD-C7AC-4146-8492-BC9E72C47E4E}
		{9F895451-20B1-427B-BD0E-76DE928E4F0A} = {DFF841BD-B0E7-4FB4-B746-5C22950867D8}
		{D44459AA-8546-4167-8FD6-76EE339C4BED} = {DFF841BD-B0E7-4FB4-B746-5C22950867D8}
	EndGlobalSection
EndGlobal
